{
  "name": "interview_task",
  "version": "1.0.0",
  "lockfileVersion": 1,
  "requires": true,
  "dependencies": {
    "babel-polyfill": {
      "version": "6.26.0",
      "resolved": "https://registry.npmjs.org/babel-polyfill/-/babel-polyfill-6.26.0.tgz",
      "integrity": "sha1-N5k3q8Z9eJWXCtxiHyhM2WbPIVM=",
      "requires": {
        "babel-runtime": "^6.26.0",
        "core-js": "^2.5.0",
        "regenerator-runtime": "^0.10.5"
      }
    },
    "babel-runtime": {
      "version": "6.26.0",
      "resolved": "https://registry.npmjs.org/babel-runtime/-/babel-runtime-6.26.0.tgz",
      "integrity": "sha1-llxwWGaOgrVde/4E/yM3vItWR/4=",
      "requires": {
        "core-js": "^2.4.0",
        "regenerator-runtime": "^0.11.0"
      },
      "dependencies": {
        "regenerator-runtime": {
          "version": "0.11.1",
          "resolved": "https://registry.npmjs.org/regenerator-runtime/-/regenerator-runtime-0.11.1.tgz",
          "integrity": "sha512-MguG95oij0fC3QV3URf4V2SDYGJhJnJGqvIIgdECeODCT98wSWDAJ94SSuVpYQUoTcGUIL6L4yNB7j1DFFHSBg=="
        }
      }
    },
    "chai-as-promised": {
      "version": "7.1.1",
      "resolved": "https://registry.npmjs.org/chai-as-promised/-/chai-as-promised-7.1.1.tgz",
      "integrity": "sha512-azL6xMoi+uxu6z4rhWQ1jbdUhOMhis2PvscD/xjLqNMkv3BPPp2JyyuTHOrf9BOosGpNQ11v6BKv/g57RXbiaA==",
      "requires": {
        "check-error": "^1.0.2"
      }
    },
    "check-error": {
      "version": "1.0.2",
      "resolved": "https://registry.npmjs.org/check-error/-/check-error-1.0.2.tgz",
      "integrity": "sha1-V00xLt2Iu13YkS6Sht1sCu1KrII="
    },
    "core-js": {
      "version": "2.6.12",
      "resolved": "https://registry.npmjs.org/core-js/-/core-js-2.6.12.tgz",
      "integrity": "sha512-Kb2wC0fvsWfQrgk8HU5lW6U/Lcs8+9aaYcy4ZFc6DDlo4nZ7n70dEgE5rtR0oG6ufKDUnrwfWL1mXR5ljDatrQ=="
    },
    "file-regex": {
      "version": "3.1.0",
      "resolved": "https://registry.npmjs.org/file-regex/-/file-regex-3.1.0.tgz",
      "integrity": "sha512-g/P1uzrbbTjL1eeJx++NBnhDviN4+RD9er1DeuFaJdRxRab6ZEFLGmqw9Fd5DMMe4xUZ4h514wB80v1sD/FUMQ==",
      "requires": {
        "babel-polyfill": "^6.26.0",
        "lib-promise-pool": "^1.0.0"
      }
    },
    "graceful-fs": {
      "version": "4.2.9",
      "resolved": "https://registry.npmjs.org/graceful-fs/-/graceful-fs-4.2.9.tgz",
      "integrity": "sha512-NtNxqUcXgpW2iMrfqSfR73Glt39K+BLwWsPs94yR63v45T0Wbej7eRmL5cWfwEgqXnmjQp3zaJTshdRW/qC2ZQ=="
    },
    "lib-promise-pool": {
      "version": "1.0.1",
      "resolved": "https://registry.npmjs.org/lib-promise-pool/-/lib-promise-pool-1.0.1.tgz",
      "integrity": "sha512-+fKG4NOMe+slBy0RNcmbHR9JLeJyNaEzJHC6qLmyBl2AM+quqIxbwGU71lrkbkeBPTLPIcEiXAWuGcb1IMdtIw==",
      "requires": {
        "babel-polyfill": "^6.26.0",
        "babel-runtime": "^6.26.0",
        "chai-as-promised": "^7.1.1"
      }
    },
    "proper-lockfile": {
      "version": "4.1.2",
      "resolved": "https://registry.npmjs.org/proper-lockfile/-/proper-lockfile-4.1.2.tgz",
      "integrity": "sha512-TjNPblN4BwAWMXU8s9AEz4JmQxnD1NNL7bNOY/AKUzyamc379FWASUhc/K1pL2noVb+XmZKLL68cjzLsiOAMaA==",
      "requires": {
        "graceful-fs": "^4.2.4",
        "retry": "^0.12.0",
        "signal-exit": "^3.0.2"
      }
    },
    "regenerator-runtime": {
      "version": "0.10.5",
      "resolved": "https://registry.npmjs.org/regenerator-runtime/-/regenerator-runtime-0.10.5.tgz",
      "integrity": "sha1-M2w+/BIgrc7dosn6tntaeVWjNlg="
    },
    "retry": {
      "version": "0.12.0",
      "resolved": "https://registry.npmjs.org/retry/-/retry-0.12.0.tgz",
      "integrity": "sha1-G0KmJmoh8HQh0bC1S33BZ7AcATs="
    },
    "signal-exit": {
      "version": "3.0.6",
      "resolved": "https://registry.npmjs.org/signal-exit/-/signal-exit-3.0.6.tgz",
      "integrity": "sha512-sDl4qMFpijcGw22U5w63KmD3cZJfBuFlVNbVMKje2keoKML7X2UzWbc4XrmEbDwg0NXJc3yv4/ox7b+JWb57kQ=="
    }
  }
}
